
Microsoft Visual Studio Solution File, Format Version 12.00
# Visual Studio 15
VisualStudioVersion = 15.0.28307.168
MinimumVisualStudioVersion = 10.0.40219.1
Project("{FAE04EC0-301F-11D3-BF4B-00C04F79EFBC}") = "FindSummingNumbers", "FindSummingNumbers\FindSummingNumbers.csproj", "{809B1CC8-24AE-402C-9542-832527D2BE50}"
EndProject
Global
	GlobalSection(SolutionConfigurationPlatforms) = preSolution
		Debug|Any CPU = Debug|Any CPU
		Release|Any CPU = Release|Any CPU
	EndGlobalSection
	GlobalSection(ProjectConfigurationPlatforms) = postSolution
		{809B1CC8-24AE-402C-9542-832527D2BE50}.Debug|Any CPU.ActiveCfg = Debug|Any CPU
		{809B1CC8-24AE-402C-9542-832527D2BE50}.Debug|Any CPU.Build.0 = Debug|Any CPU
		{809B1CC8-24AE-402C-9542-832527D2BE50}.Release|Any CPU.ActiveCfg = Release|Any CPU
		{809B1CC8-24AE-402C-9542-832527D2BE50}.Release|Any CPU.Build.0 = Release|Any CPU
	EndGlobalSection
	GlobalSection(SolutionProperties) = preSolution
		HideSolutionNode = FALSE
	EndGlobalSection
	GlobalSection(ExtensibilityGlobals) = postSolution
		SolutionGuid = {77C68EDE-B5AC-4C71-ADCB-B1C876CC47DC}
	EndGlobalSection
EndGlobal
